{
  "name": "ball",
  "version": "1.0.0",
  "lockfileVersion": 1,
  "requires": true,
  "dependencies": {
    "jquery": {
      "version": "3.6.0",
      "resolved": "https://mirrors.tencent.com/npm/jquery/-/jquery-3.6.0.tgz",
      "integrity": "sha512-JVzAR/AjBvVt2BmYhxRCSYysDsPcssdmTFnzyLEts9qNwmjmu4JTAMYubEfwVOSwpQ1I1sKKFcxhZCI2buerfw==",
      "dev": true
    },
    "tween.js": {
      "version": "16.6.0",
      "resolved": "https://mirrors.tencent.com/npm/tween.js/-/tween.js-16.6.0.tgz",
      "integrity": "sha1-c5EEyTNsxPEe5T+c587eUeZyNiQ=",
      "dev": true
    }
  }
}
